
Microsoft Visual Studio Solution File, Format Version 12.00
# Visual Studio 15
VisualStudioVersion = 15.0.27130.2027
MinimumVisualStudioVersion = 10.0.40219.1
Project("{FAE04EC0-301F-11D3-BF4B-00C04F79EFBC}") = "SimpleCAD", "SimpleCAD\SimpleCAD.csproj", "{473B4BE8-4019-4A0C-8B73-59A2A07ED028}"
EndProject
Project("{FAE04EC0-301F-11D3-BF4B-00C04F79EFBC}") = "SimpleCADTest", "SimpleCADTest\SimpleCADTest.csproj", "{7C00350A-2FA9-4EB1-9475-76732DC9EEB6}"
EndProject
Global
	GlobalSection(SolutionConfigurationPlatforms) = preSolution
		Debug|Any CPU = Debug|Any CPU
		Release|Any CPU = Release|Any CPU
	EndGlobalSection
	GlobalSection(ProjectConfigurationPlatforms) = postSolution
		{473B4BE8-4019-4A0C-8B73-59A2A07ED028}.Debug|Any CPU.ActiveCfg = Debug|Any CPU
		{473B4BE8-4019-4A0C-8B73-59A2A07ED028}.Debug|Any CPU.Build.0 = Debug|Any CPU
		{473B4BE8-4019-4A0C-8B73-59A2A07ED028}.Release|Any CPU.ActiveCfg = Release|Any CPU
		{473B4BE8-4019-4A0C-8B73-59A2A07ED028}.Release|Any CPU.Build.0 = Release|Any CPU
		{7C00350A-2FA9-4EB1-9475-76732DC9EEB6}.Debug|Any CPU.ActiveCfg = Debug|Any CPU
		{7C00350A-2FA9-4EB1-9475-76732DC9EEB6}.Debug|Any CPU.Build.0 = Debug|Any CPU
		{7C00350A-2FA9-4EB1-9475-76732DC9EEB6}.Release|Any CPU.ActiveCfg = Release|Any CPU
		{7C00350A-2FA9-4EB1-9475-76732DC9EEB6}.Release|Any CPU.Build.0 = Release|Any CPU
	EndGlobalSection
	GlobalSection(SolutionProperties) = preSolution
		HideSolutionNode = FALSE
	EndGlobalSection
	GlobalSection(ExtensibilityGlobals) = postSolution
		SolutionGuid = {D8E32F36-44D8-4531-8406-EF5032B95559}
	EndGlobalSection
EndGlobal
